// !$*UTF8*$!
{
	archiveVersion = 1;
	classes = {
	};
	objectVersion = 77;
	objects = {

/* Begin PBXBuildFile section */
		5885F76B2DDA9DD200CA803D /* attributes.xml in Resources */ = {isa = PBXBuildFile; fileRef = 5885F76A2DDA9DD200CA803D /* attributes.xml */; };
		58AA16362DFD956200C4345A /* Assets.xcassets in Resources */ = {isa = PBXBuildFile; fileRef = 58AA16282DFD956200C4345A /* Assets.xcassets */; };
		58AA16372DFD956200C4345A /* GraphDot.icns in Resources */ = {isa = PBXBuildFile; fileRef = 58AA162C2DFD956200C4345A /* GraphDot.icns */; };
		58AA16382DFD956200C4345A /* GraphGv.icns in Resources */ = {isa = PBXBuildFile; fileRef = 58AA162D2DFD956200C4345A /* GraphGv.icns */; };
		58AA16392DFD956200C4345A /* Graphviz.icns in Resources */ = {isa = PBXBuildFile; fileRef = 58AA162F2DFD956200C4345A /* Graphviz.icns */; };
		58E5A5CA2DD0200F00303648 /* libcdt.6.dylib in Frameworks */ = {isa = PBXBuildFile; fileRef = 58E5A5C92DD0200F00303648 /* libcdt.6.dylib */; };
		58E5A5CE2DD0207F00303648 /* libcgraph.7.dylib in Frameworks */ = {isa = PBXBuildFile; fileRef = 58E5A5CD2DD0207F00303648 /* libcgraph.7.dylib */; };
		58E5A5D12DD020BA00303648 /* libgvc.7.dylib in Frameworks */ = {isa = PBXBuildFile; fileRef = 58E5A5D02DD020BA00303648 /* libgvc.7.dylib */; };
/* End PBXBuildFile section */

/* Begin PBXContainerItemProxy section */
		58E5A59C2DCF89F100303648 /* PBXContainerItemProxy */ = {
			isa = PBXContainerItemProxy;
			containerPortal = 58E5A5822DCF89F000303648 /* Project object */;
			proxyType = 1;
			remoteGlobalIDString = 58E5A5892DCF89F000303648;
			remoteInfo = GraphvizSwift;
		};
		58E5A5A62DCF89F100303648 /* PBXContainerItemProxy */ = {
			isa = PBXContainerItemProxy;
			containerPortal = 58E5A5822DCF89F000303648 /* Project object */;
			proxyType = 1;
			remoteGlobalIDString = 58E5A5892DCF89F000303648;
			remoteInfo = GraphvizSwift;
		};
/* End PBXContainerItemProxy section */

/* Begin PBXFileReference section */
		5885F76A2DDA9DD200CA803D /* attributes.xml */ = {isa = PBXFileReference; lastKnownFileType = text.xml; name = attributes.xml; path = /usr/local/graphviz/share/doc/graphviz/schema/attributes.xml; sourceTree = "<absolute>"; };
		58AA16282DFD956200C4345A /* Assets.xcassets */ = {isa = PBXFileReference; lastKnownFileType = folder.assetcatalog; path = Assets.xcassets; sourceTree = "<group>"; };
		58AA162C2DFD956200C4345A /* GraphDot.icns */ = {isa = PBXFileReference; lastKnownFileType = image.icns; path = GraphDot.icns; sourceTree = "<group>"; };
		58AA162D2DFD956200C4345A /* GraphGv.icns */ = {isa = PBXFileReference; lastKnownFileType = image.icns; path = GraphGv.icns; sourceTree = "<group>"; };
		58AA162F2DFD956200C4345A /* Graphviz.icns */ = {isa = PBXFileReference; lastKnownFileType = image.icns; path = Graphviz.icns; sourceTree = "<group>"; };
		58AA16302DFD956200C4345A /* Graphviz-Bridging-Header.h */ = {isa = PBXFileReference; lastKnownFileType = sourcecode.c.h; path = "Graphviz-Bridging-Header.h"; sourceTree = "<group>"; };
		58AA16342DFD956200C4345A /* Info.plist */ = {isa = PBXFileReference; lastKnownFileType = text.plist.xml; path = Info.plist; sourceTree = "<group>"; };
		58E5A58A2DCF89F000303648 /* GraphvizSwift.app */ = {isa = PBXFileReference; explicitFileType = wrapper.application; includeInIndex = 0; path = GraphvizSwift.app; sourceTree = BUILT_PRODUCTS_DIR; };
		58E5A59B2DCF89F100303648 /* GraphvizSwiftTests.xctest */ = {isa = PBXFileReference; explicitFileType = wrapper.cfbundle; includeInIndex = 0; path = GraphvizSwiftTests.xctest; sourceTree = BUILT_PRODUCTS_DIR; };
		58E5A5A52DCF89F100303648 /* GraphvizSwiftUITests.xctest */ = {isa = PBXFileReference; explicitFileType = wrapper.cfbundle; includeInIndex = 0; path = GraphvizSwiftUITests.xctest; sourceTree = BUILT_PRODUCTS_DIR; };
		58E5A5C92DD0200F00303648 /* libcdt.6.dylib */ = {isa = PBXFileReference; lastKnownFileType = "compiled.mach-o.dylib"; name = libcdt.6.dylib; path = ../../../../../usr/local/graphviz/lib/libcdt.6.dylib; sourceTree = "<group>"; };
		58E5A5CD2DD0207F00303648 /* libcgraph.7.dylib */ = {isa = PBXFileReference; lastKnownFileType = "compiled.mach-o.dylib"; name = libcgraph.7.dylib; path = ../../../../../usr/local/graphviz/lib/libcgraph.7.dylib; sourceTree = "<group>"; };
		58E5A5D02DD020BA00303648 /* libgvc.7.dylib */ = {isa = PBXFileReference; lastKnownFileType = "compiled.mach-o.dylib"; name = libgvc.7.dylib; path = /usr/local/graphviz/lib/libgvc.7.dylib; sourceTree = "<absolute>"; };
/* End PBXFileReference section */

/* Begin PBXFileSystemSynchronizedRootGroup section */
		58E5A58C2DCF89F000303648 /* GraphvizSwift */ = {
			isa = PBXFileSystemSynchronizedRootGroup;
			path = GraphvizSwift;
			sourceTree = "<group>";
		};
		58E5A59E2DCF89F100303648 /* GraphvizSwiftTests */ = {
			isa = PBXFileSystemSynchronizedRootGroup;
			path = GraphvizSwiftTests;
			sourceTree = "<group>";
		};
		58E5A5A82DCF89F100303648 /* GraphvizSwiftUITests */ = {
			isa = PBXFileSystemSynchronizedRootGroup;
			path = GraphvizSwiftUITests;
			sourceTree = "<group>";
		};
/* End PBXFileSystemSynchronizedRootGroup section */

/* Begin PBXFrameworksBuildPhase section */
		58E5A5872DCF89F000303648 /* Frameworks */ = {
			isa = PBXFrameworksBuildPhase;
			buildActionMask = 2147483647;
			files = (
				58E5A5CE2DD0207F00303648 /* libcgraph.7.dylib in Frameworks */,
				58E5A5D12DD020BA00303648 /* libgvc.7.dylib in Frameworks */,
				58E5A5CA2DD0200F00303648 /* libcdt.6.dylib in Frameworks */,
			);
			runOnlyForDeploymentPostprocessing = 0;
		};
		58E5A5982DCF89F100303648 /* Frameworks */ = {
			isa = PBXFrameworksBuildPhase;
			buildActionMask = 2147483647;
			files = (
			);
			runOnlyForDeploymentPostprocessing = 0;
		};
		58E5A5A22DCF89F100303648 /* Frameworks */ = {
			isa = PBXFrameworksBuildPhase;
			buildActionMask = 2147483647;
			files = (
			);
			runOnlyForDeploymentPostprocessing = 0;
		};
/* End PBXFrameworksBuildPhase section */

/* Begin PBXGroup section */
		5885F76C2DDA9E1500CA803D /* Resources */ = {
			isa = PBXGroup;
			children = (
				58AA16282DFD956200C4345A /* Assets.xcassets */,
				5885F76A2DDA9DD200CA803D /* attributes.xml */,
				58AA162C2DFD956200C4345A /* GraphDot.icns */,
				58AA162D2DFD956200C4345A /* GraphGv.icns */,
				58AA162F2DFD956200C4345A /* Graphviz.icns */,
				58AA16302DFD956200C4345A /* Graphviz-Bridging-Header.h */,
				58AA16342DFD956200C4345A /* Info.plist */,
			);
			path = Resources;
			sourceTree = "<group>";
		};
		58E5A5812DCF89F000303648 = {
			isa = PBXGroup;
			children = (
				58E5A5C82DD0200F00303648 /* Frameworks */,
				58E5A58C2DCF89F000303648 /* GraphvizSwift */,
				58E5A59E2DCF89F100303648 /* GraphvizSwiftTests */,
				58E5A5A82DCF89F100303648 /* GraphvizSwiftUITests */,
				58E5A58B2DCF89F000303648 /* Products */,
				5885F76C2DDA9E1500CA803D /* Resources */,
			);
			sourceTree = "<group>";
		};
		58E5A58B2DCF89F000303648 /* Products */ = {
			isa = PBXGroup;
			children = (
				58E5A58A2DCF89F000303648 /* GraphvizSwift.app */,
				58E5A59B2DCF89F100303648 /* GraphvizSwiftTests.xctest */,
				58E5A5A52DCF89F100303648 /* GraphvizSwiftUITests.xctest */,
			);
			name = Products;
			sourceTree = "<group>";
		};
		58E5A5C82DD0200F00303648 /* Frameworks */ = {
			isa = PBXGroup;
			children = (
				58E5A5D02DD020BA00303648 /* libgvc.7.dylib */,
				58E5A5CD2DD0207F00303648 /* libcgraph.7.dylib */,
				58E5A5C92DD0200F00303648 /* libcdt.6.dylib */,
			);
			name = Frameworks;
			sourceTree = "<group>";
		};
/* End PBXGroup section */

/* Begin PBXNativeTarget section */
		58E5A5892DCF89F000303648 /* GraphvizSwift */ = {
			isa = PBXNativeTarget;
			buildConfigurationList = 58E5A5AE2DCF89F100303648 /* Build configuration list for PBXNativeTarget "GraphvizSwift" */;
			buildPhases = (
				58E5A5862DCF89F000303648 /* Sources */,
				58E5A5872DCF89F000303648 /* Frameworks */,
				58E5A5882DCF89F000303648 /* Resources */,
			);
			buildRules = (
			);
			dependencies = (
			);
			fileSystemSynchronizedGroups = (
				58E5A58C2DCF89F000303648 /* GraphvizSwift */,
			);
			name = GraphvizSwift;
			packageProductDependencies = (
			);
			productName = GraphvizSwift;
			productReference = 58E5A58A2DCF89F000303648 /* GraphvizSwift.app */;
			productType = "com.apple.product-type.application";
		};
		58E5A59A2DCF89F100303648 /* GraphvizSwiftTests */ = {
			isa = PBXNativeTarget;
			buildConfigurationList = 58E5A5B32DCF89F100303648 /* Build configuration list for PBXNativeTarget "GraphvizSwiftTests" */;
			buildPhases = (
				58E5A5972DCF89F100303648 /* Sources */,
				58E5A5982DCF89F100303648 /* Frameworks */,
				58E5A5992DCF89F100303648 /* Resources */,
			);
			buildRules = (
			);
			dependencies = (
				58E5A59D2DCF89F100303648 /* PBXTargetDependency */,
			);
			fileSystemSynchronizedGroups = (
				58E5A59E2DCF89F100303648 /* GraphvizSwiftTests */,
			);
			name = GraphvizSwiftTests;
			packageProductDependencies = (
			);
			productName = GraphvizSwiftTests;
			productReference = 58E5A59B2DCF89F100303648 /* GraphvizSwiftTests.xctest */;
			productType = "com.apple.product-type.bundle.unit-test";
		};
		58E5A5A42DCF89F100303648 /* GraphvizSwiftUITests */ = {
			isa = PBXNativeTarget;
			buildConfigurationList = 58E5A5B62DCF89F100303648 /* Build configuration list for PBXNativeTarget "GraphvizSwiftUITests" */;
			buildPhases = (
				58E5A5A12DCF89F100303648 /* Sources */,
				58E5A5A22DCF89F100303648 /* Frameworks */,
				58E5A5A32DCF89F100303648 /* Resources */,
			);
			buildRules = (
			);
			dependencies = (
				58E5A5A72DCF89F100303648 /* PBXTargetDependency */,
			);
			fileSystemSynchronizedGroups = (
				58E5A5A82DCF89F100303648 /* GraphvizSwiftUITests */,
			);
			name = GraphvizSwiftUITests;
			packageProductDependencies = (
			);
			productName = GraphvizSwiftUITests;
			productReference = 58E5A5A52DCF89F100303648 /* GraphvizSwiftUITests.xctest */;
			productType = "com.apple.product-type.bundle.ui-testing";
		};
/* End PBXNativeTarget section */

/* Begin PBXProject section */
		58E5A5822DCF89F000303648 /* Project object */ = {
			isa = PBXProject;
			attributes = {
				BuildIndependentTargetsInParallel = 1;
				LastSwiftUpdateCheck = 1630;
				LastUpgradeCheck = 1640;
				TargetAttributes = {
					58E5A5892DCF89F000303648 = {
						CreatedOnToolsVersion = 16.3;
					};
					58E5A59A2DCF89F100303648 = {
						CreatedOnToolsVersion = 16.3;
						TestTargetID = 58E5A5892DCF89F000303648;
					};
					58E5A5A42DCF89F100303648 = {
						CreatedOnToolsVersion = 16.3;
						TestTargetID = 58E5A5892DCF89F000303648;
					};
				};
			};
			buildConfigurationList = 58E5A5852DCF89F000303648 /* Build configuration list for PBXProject "GraphvizSwift" */;
			developmentRegion = en;
			hasScannedForEncodings = 0;
			knownRegions = (
				en,
				Base,
			);
			mainGroup = 58E5A5812DCF89F000303648;
			minimizedProjectReferenceProxies = 1;
			preferredProjectObjectVersion = 77;
			productRefGroup = 58E5A58B2DCF89F000303648 /* Products */;
			projectDirPath = "";
			projectRoot = "";
			targets = (
				58E5A5892DCF89F000303648 /* GraphvizSwift */,
				58E5A59A2DCF89F100303648 /* GraphvizSwiftTests */,
				58E5A5A42DCF89F100303648 /* GraphvizSwiftUITests */,
			);
		};
/* End PBXProject section */

/* Begin PBXResourcesBuildPhase section */
		58E5A5882DCF89F000303648 /* Resources */ = {
			isa = PBXResourcesBuildPhase;
			buildActionMask = 2147483647;
			files = (
				58AA16362DFD956200C4345A /* Assets.xcassets in Resources */,
				58AA16372DFD956200C4345A /* GraphDot.icns in Resources */,
				58AA16382DFD956200C4345A /* GraphGv.icns in Resources */,
				58AA16392DFD956200C4345A /* Graphviz.icns in Resources */,
				5885F76B2DDA9DD200CA803D /* attributes.xml in Resources */,
			);
			runOnlyForDeploymentPostprocessing = 0;
		};
		58E5A5992DCF89F100303648 /* Resources */ = {
			isa = PBXResourcesBuildPhase;
			buildActionMask = 2147483647;
			files = (
			);
			runOnlyForDeploymentPostprocessing = 0;
		};
		58E5A5A32DCF89F100303648 /* Resources */ = {
			isa = PBXResourcesBuildPhase;
			buildActionMask = 2147483647;
			files = (
			);
			runOnlyForDeploymentPostprocessing = 0;
		};
/* End PBXResourcesBuildPhase section */

/* Begin PBXSourcesBuildPhase section */
		58E5A5862DCF89F000303648 /* Sources */ = {
			isa = PBXSourcesBuildPhase;
			buildActionMask = 2147483647;
			files = (
			);
			runOnlyForDeploymentPostprocessing = 0;
		};
		58E5A5972DCF89F100303648 /* Sources */ = {
			isa = PBXSourcesBuildPhase;
			buildActionMask = 2147483647;
			files = (
			);
			runOnlyForDeploymentPostprocessing = 0;
		};
		58E5A5A12DCF89F100303648 /* Sources */ = {
			isa = PBXSourcesBuildPhase;
			buildActionMask = 2147483647;
			files = (
			);
			runOnlyForDeploymentPostprocessing = 0;
		};
/* End PBXSourcesBuildPhase section */

/* Begin PBXTargetDependency section */
		58E5A59D2DCF89F100303648 /* PBXTargetDependency */ = {
			isa = PBXTargetDependency;
			target = 58E5A5892DCF89F000303648 /* GraphvizSwift */;
			targetProxy = 58E5A59C2DCF89F100303648 /* PBXContainerItemProxy */;
		};
		58E5A5A72DCF89F100303648 /* PBXTargetDependency */ = {
			isa = PBXTargetDependency;
			target = 58E5A5892DCF89F000303648 /* GraphvizSwift */;
			targetProxy = 58E5A5A62DCF89F100303648 /* PBXContainerItemProxy */;
		};
/* End PBXTargetDependency section */

/* Begin XCBuildConfiguration section */
		58E5A5AF2DCF89F100303648 /* Debug */ = {
			isa = XCBuildConfiguration;
			buildSettings = {
				ASSETCATALOG_COMPILER_GLOBAL_ACCENT_COLOR_NAME = AccentColor;
				ASSETCATALOG_COMPILER_INCLUDE_ALL_APPICON_ASSETS = YES;
				CURRENT_PROJECT_VERSION = 1;
				DEAD_CODE_STRIPPING = YES;
				DEVELOPMENT_ASSET_PATHS = "";
				DEVELOPMENT_TEAM = "";
				ENABLE_PREVIEWS = YES;
				INFOPLIST_FILE = Resources/Info.plist;
				INFOPLIST_KEY_CFBundleDisplayName = Graphviz;
				INFOPLIST_KEY_LSApplicationCategoryType = "public.app-category.graphics-design";
				"INFOPLIST_KEY_UIApplicationSceneManifest_Generation[sdk=iphoneos*]" = YES;
				"INFOPLIST_KEY_UIApplicationSceneManifest_Generation[sdk=iphonesimulator*]" = YES;
				"INFOPLIST_KEY_UIApplicationSupportsIndirectInputEvents[sdk=iphoneos*]" = YES;
				"INFOPLIST_KEY_UIApplicationSupportsIndirectInputEvents[sdk=iphonesimulator*]" = YES;
				"INFOPLIST_KEY_UILaunchScreen_Generation[sdk=iphoneos*]" = YES;
				"INFOPLIST_KEY_UILaunchScreen_Generation[sdk=iphonesimulator*]" = YES;
				"INFOPLIST_KEY_UIStatusBarStyle[sdk=iphoneos*]" = UIStatusBarStyleDefault;
				"INFOPLIST_KEY_UIStatusBarStyle[sdk=iphonesimulator*]" = UIStatusBarStyleDefault;
				INFOPLIST_KEY_UISupportedInterfaceOrientations_iPad = "UIInterfaceOrientationPortrait UIInterfaceOrientationPortraitUpsideDown UIInterfaceOrientationLandscapeLeft UIInterfaceOrientationLandscapeRight";
				INFOPLIST_KEY_UISupportedInterfaceOrientations_iPhone = "UIInterfaceOrientationPortrait UIInterfaceOrientationLandscapeLeft UIInterfaceOrientationLandscapeRight";
				"INFOPLIST_KEY_UISupportsDocumentBrowser[sdk=iphoneos*]" = YES;
				"INFOPLIST_KEY_UISupportsDocumentBrowser[sdk=iphonesimulator*]" = YES;
				LD_RUNPATH_SEARCH_PATHS = /usr/local/graphviz/lib;
				MARKETING_VERSION = 1.0;
				PRODUCT_BUNDLE_IDENTIFIER = com.att.graphviz.swift;
				PRODUCT_NAME = GraphvizSwift;
				SDKROOT = auto;
				SUPPORTED_PLATFORMS = macosx;
				SUPPORTS_MACCATALYST = NO;
				SWIFT_EMIT_LOC_STRINGS = YES;
				SWIFT_VERSION = 6.0;
			};
			name = Debug;
		};
		58E5A5B02DCF89F100303648 /* Release */ = {
			isa = XCBuildConfiguration;
			buildSettings = {
				ASSETCATALOG_COMPILER_GLOBAL_ACCENT_COLOR_NAME = AccentColor;
				ASSETCATALOG_COMPILER_INCLUDE_ALL_APPICON_ASSETS = YES;
				CURRENT_PROJECT_VERSION = 1;
				DEAD_CODE_STRIPPING = YES;
				DEVELOPMENT_ASSET_PATHS = "";
				DEVELOPMENT_TEAM = "";
				ENABLE_PREVIEWS = YES;
				INFOPLIST_FILE = Resources/Info.plist;
				INFOPLIST_KEY_CFBundleDisplayName = Graphviz;
				INFOPLIST_KEY_LSApplicationCategoryType = "public.app-category.graphics-design";
				"INFOPLIST_KEY_UIApplicationSceneManifest_Generation[sdk=iphoneos*]" = YES;
				"INFOPLIST_KEY_UIApplicationSceneManifest_Generation[sdk=iphonesimulator*]" = YES;
				"INFOPLIST_KEY_UIApplicationSupportsIndirectInputEvents[sdk=iphoneos*]" = YES;
				"INFOPLIST_KEY_UIApplicationSupportsIndirectInputEvents[sdk=iphonesimulator*]" = YES;
				"INFOPLIST_KEY_UILaunchScreen_Generation[sdk=iphoneos*]" = YES;
				"INFOPLIST_KEY_UILaunchScreen_Generation[sdk=iphonesimulator*]" = YES;
				"INFOPLIST_KEY_UIStatusBarStyle[sdk=iphoneos*]" = UIStatusBarStyleDefault;
				"INFOPLIST_KEY_UIStatusBarStyle[sdk=iphonesimulator*]" = UIStatusBarStyleDefault;
				INFOPLIST_KEY_UISupportedInterfaceOrientations_iPad = "UIInterfaceOrientationPortrait UIInterfaceOrientationPortraitUpsideDown UIInterfaceOrientationLandscapeLeft UIInterfaceOrientationLandscapeRight";
				INFOPLIST_KEY_UISupportedInterfaceOrientations_iPhone = "UIInterfaceOrientationPortrait UIInterfaceOrientationLandscapeLeft UIInterfaceOrientationLandscapeRight";
				"INFOPLIST_KEY_UISupportsDocumentBrowser[sdk=iphoneos*]" = YES;
				"INFOPLIST_KEY_UISupportsDocumentBrowser[sdk=iphonesimulator*]" = YES;
				LD_RUNPATH_SEARCH_PATHS = /usr/local/graphviz/lib;
				MARKETING_VERSION = 1.0;
				PRODUCT_BUNDLE_IDENTIFIER = com.att.graphviz.swift;
				PRODUCT_NAME = GraphvizSwift;
				SDKROOT = auto;
				SUPPORTED_PLATFORMS = macosx;
				SUPPORTS_MACCATALYST = NO;
				SWIFT_EMIT_LOC_STRINGS = YES;
				SWIFT_VERSION = 6.0;
			};
			name = Release;
		};
		58E5A5B12DCF89F100303648 /* Debug */ = {
			isa = XCBuildConfiguration;
			buildSettings = {
				ALWAYS_SEARCH_USER_PATHS = NO;
				ASSETCATALOG_COMPILER_GENERATE_SWIFT_ASSET_SYMBOL_EXTENSIONS = YES;
				CLANG_ANALYZER_NONNULL = YES;
				CLANG_ANALYZER_NUMBER_OBJECT_CONVERSION = YES_AGGRESSIVE;
				CLANG_ENABLE_MODULES = YES;
				CLANG_ENABLE_OBJC_ARC = YES;
				CLANG_ENABLE_OBJC_WEAK = YES;
				CLANG_WARN_BLOCK_CAPTURE_AUTORELEASING = YES;
				CLANG_WARN_BOOL_CONVERSION = YES;
				CLANG_WARN_COMMA = YES;
				CLANG_WARN_CONSTANT_CONVERSION = YES;
				CLANG_WARN_DEPRECATED_OBJC_IMPLEMENTATIONS = YES;
				CLANG_WARN_DIRECT_OBJC_ISA_USAGE = YES_ERROR;
				CLANG_WARN_DOCUMENTATION_COMMENTS = YES;
				CLANG_WARN_EMPTY_BODY = YES;
				CLANG_WARN_ENUM_CONVERSION = YES;
				CLANG_WARN_INFINITE_RECURSION = YES;
				CLANG_WARN_INT_CONVERSION = YES;
				CLANG_WARN_NON_LITERAL_NULL_CONVERSION = YES;
				CLANG_WARN_OBJC_IMPLICIT_RETAIN_SELF = YES;
				CLANG_WARN_OBJC_LITERAL_CONVERSION = YES;
				CLANG_WARN_OBJC_ROOT_CLASS = YES_ERROR;
				CLANG_WARN_QUOTED_INCLUDE_IN_FRAMEWORK_HEADER = YES;
				CLANG_WARN_RANGE_LOOP_ANALYSIS = YES;
				CLANG_WARN_STRICT_PROTOTYPES = YES;
				CLANG_WARN_SUSPICIOUS_MOVE = YES;
				CLANG_WARN_UNGUARDED_AVAILABILITY = YES_AGGRESSIVE;
				CLANG_WARN_UNREACHABLE_CODE = YES;
				CLANG_WARN__DUPLICATE_METHOD_MATCH = YES;
				DEBUG_INFORMATION_FORMAT = dwarf;
				ENABLE_STRICT_OBJC_MSGSEND = YES;
				ENABLE_TESTABILITY = YES;
				GCC_DYNAMIC_NO_PIC = NO;
				GCC_NO_COMMON_BLOCKS = YES;
				GCC_OPTIMIZATION_LEVEL = 0;
				GCC_PREPROCESSOR_DEFINITIONS = (
					"DEBUG=1",
					"$(inherited)",
				);
				GCC_WARN_64_TO_32_BIT_CONVERSION = YES;
				GCC_WARN_ABOUT_RETURN_TYPE = YES_ERROR;
				GCC_WARN_UNDECLARED_SELECTOR = YES;
				GCC_WARN_UNINITIALIZED_AUTOS = YES_AGGRESSIVE;
				GCC_WARN_UNUSED_FUNCTION = YES;
				GCC_WARN_UNUSED_VARIABLE = YES;
				HEADER_SEARCH_PATHS = /usr/local/graphviz/include/graphviz;
				LIBRARY_SEARCH_PATHS = /usr/local/graphviz/lib;
				MTL_ENABLE_DEBUG_INFO = INCLUDE_SOURCE;
				MTL_FAST_MATH = YES;
				ONLY_ACTIVE_ARCH = YES;
				SWIFT_ACTIVE_COMPILATION_CONDITIONS = "DEBUG $(inherited)";
				SWIFT_OBJC_BRIDGING_HEADER = "$(PROJECT_DIR)/Resources/Graphviz-Bridging-Header.h";
				SWIFT_OPTIMIZATION_LEVEL = "-Onone";
				SWIFT_PRECOMPILE_BRIDGING_HEADER = NO;
			};
			name = Debug;
		};
		58E5A5B22DCF89F100303648 /* Release */ = {
			isa = XCBuildConfiguration;
			buildSettings = {
				ALWAYS_SEARCH_USER_PATHS = NO;
				ASSETCATALOG_COMPILER_GENERATE_SWIFT_ASSET_SYMBOL_EXTENSIONS = YES;
				CLANG_ANALYZER_NONNULL = YES;
				CLANG_ANALYZER_NUMBER_OBJECT_CONVERSION = YES_AGGRESSIVE;
				CLANG_ENABLE_MODULES = YES;
				CLANG_ENABLE_OBJC_ARC = YES;
				CLANG_ENABLE_OBJC_WEAK = YES;
				CLANG_WARN_BLOCK_CAPTURE_AUTORELEASING = YES;
				CLANG_WARN_BOOL_CONVERSION = YES;
				CLANG_WARN_COMMA = YES;
				CLANG_WARN_CONSTANT_CONVERSION = YES;
				CLANG_WARN_DEPRECATED_OBJC_IMPLEMENTATIONS = YES;
				CLANG_WARN_DIRECT_OBJC_ISA_USAGE = YES_ERROR;
				CLANG_WARN_DOCUMENTATION_COMMENTS = YES;
				CLANG_WARN_EMPTY_BODY = YES;
				CLANG_WARN_ENUM_CONVERSION = YES;
				CLANG_WARN_INFINITE_RECURSION = YES;
				CLANG_WARN_INT_CONVERSION = YES;
				CLANG_WARN_NON_LITERAL_NULL_CONVERSION = YES;
				CLANG_WARN_OBJC_IMPLICIT_RETAIN_SELF = YES;
				CLANG_WARN_OBJC_LITERAL_CONVERSION = YES;
				CLANG_WARN_OBJC_ROOT_CLASS = YES_ERROR;
				CLANG_WARN_QUOTED_INCLUDE_IN_FRAMEWORK_HEADER = YES;
				CLANG_WARN_RANGE_LOOP_ANALYSIS = YES;
				CLANG_WARN_STRICT_PROTOTYPES = YES;
				CLANG_WARN_SUSPICIOUS_MOVE = YES;
				CLANG_WARN_UNGUARDED_AVAILABILITY = YES_AGGRESSIVE;
				CLANG_WARN_UNREACHABLE_CODE = YES;
				CLANG_WARN__DUPLICATE_METHOD_MATCH = YES;
				DEBUG_INFORMATION_FORMAT = "dwarf-with-dsym";
				ENABLE_NS_ASSERTIONS = NO;
				ENABLE_STRICT_OBJC_MSGSEND = YES;
				GCC_NO_COMMON_BLOCKS = YES;
				GCC_WARN_64_TO_32_BIT_CONVERSION = YES;
				GCC_WARN_ABOUT_RETURN_TYPE = YES_ERROR;
				GCC_WARN_UNDECLARED_SELECTOR = YES;
				GCC_WARN_UNINITIALIZED_AUTOS = YES_AGGRESSIVE;
				GCC_WARN_UNUSED_FUNCTION = YES;
				GCC_WARN_UNUSED_VARIABLE = YES;
				HEADER_SEARCH_PATHS = /usr/local/graphviz/include/graphviz;
				LIBRARY_SEARCH_PATHS = /usr/local/graphviz/lib;
				MTL_ENABLE_DEBUG_INFO = NO;
				MTL_FAST_MATH = YES;
				ONLY_ACTIVE_ARCH = YES;
				SWIFT_COMPILATION_MODE = wholemodule;
				SWIFT_OBJC_BRIDGING_HEADER = "$(PROJECT_DIR)/Resources/Graphviz-Bridging-Header.h";
				SWIFT_PRECOMPILE_BRIDGING_HEADER = NO;
			};
			name = Release;
		};
		58E5A5B42DCF89F100303648 /* Debug */ = {
			isa = XCBuildConfiguration;
			buildSettings = {
				BUNDLE_LOADER = "$(TEST_HOST)";
				CODE_SIGN_STYLE = Automatic;
				CURRENT_PROJECT_VERSION = 1;
				DEAD_CODE_STRIPPING = YES;
				DEVELOPMENT_TEAM = 4VN4FW42U5;
				GENERATE_INFOPLIST_FILE = YES;
				IPHONEOS_DEPLOYMENT_TARGET = 18.4;
				MACOSX_DEPLOYMENT_TARGET = 15.4;
				MARKETING_VERSION = 1.0;
				PRODUCT_BUNDLE_IDENTIFIER = com.att.graphviz.GraphvizSwiftTests;
				PRODUCT_NAME = "$(TARGET_NAME)";
				SDKROOT = auto;
				SUPPORTED_PLATFORMS = "iphoneos iphonesimulator macosx xros xrsimulator";
				SWIFT_EMIT_LOC_STRINGS = NO;
				SWIFT_VERSION = 5.0;
				TARGETED_DEVICE_FAMILY = "1,2,7";
				TEST_HOST = "$(BUILT_PRODUCTS_DIR)/GraphvizSwift.app/$(BUNDLE_EXECUTABLE_FOLDER_PATH)/GraphvizSwift";
				XROS_DEPLOYMENT_TARGET = 2.4;
			};
			name = Debug;
		};
		58E5A5B52DCF89F100303648 /* Release */ = {
			isa = XCBuildConfiguration;
			buildSettings = {
				BUNDLE_LOADER = "$(TEST_HOST)";
				CODE_SIGN_STYLE = Automatic;
				CURRENT_PROJECT_VERSION = 1;
				DEAD_CODE_STRIPPING = YES;
				DEVELOPMENT_TEAM = 4VN4FW42U5;
				GENERATE_INFOPLIST_FILE = YES;
				IPHONEOS_DEPLOYMENT_TARGET = 18.4;
				MACOSX_DEPLOYMENT_TARGET = 15.4;
				MARKETING_VERSION = 1.0;
				PRODUCT_BUNDLE_IDENTIFIER = com.att.graphviz.GraphvizSwiftTests;
				PRODUCT_NAME = "$(TARGET_NAME)";
				SDKROOT = auto;
				SUPPORTED_PLATFORMS = "iphoneos iphonesimulator macosx xros xrsimulator";
				SWIFT_EMIT_LOC_STRINGS = NO;
				SWIFT_VERSION = 5.0;
				TARGETED_DEVICE_FAMILY = "1,2,7";
				TEST_HOST = "$(BUILT_PRODUCTS_DIR)/GraphvizSwift.app/$(BUNDLE_EXECUTABLE_FOLDER_PATH)/GraphvizSwift";
				XROS_DEPLOYMENT_TARGET = 2.4;
			};
			name = Release;
		};
		58E5A5B72DCF89F100303648 /* Debug */ = {
			isa = XCBuildConfiguration;
			buildSettings = {
				CODE_SIGN_STYLE = Automatic;
				CURRENT_PROJECT_VERSION = 1;
				DEAD_CODE_STRIPPING = YES;
				DEVELOPMENT_TEAM = 4VN4FW42U5;
				GENERATE_INFOPLIST_FILE = YES;
				IPHONEOS_DEPLOYMENT_TARGET = 18.4;
				MACOSX_DEPLOYMENT_TARGET = 15.4;
				MARKETING_VERSION = 1.0;
				PRODUCT_BUNDLE_IDENTIFIER = com.att.graphviz.GraphvizSwiftUITests;
				PRODUCT_NAME = "$(TARGET_NAME)";
				SDKROOT = auto;
				SUPPORTED_PLATFORMS = "iphoneos iphonesimulator macosx xros xrsimulator";
				SWIFT_EMIT_LOC_STRINGS = NO;
				SWIFT_VERSION = 5.0;
				TARGETED_DEVICE_FAMILY = "1,2,7";
				TEST_TARGET_NAME = GraphvizSwift;
				XROS_DEPLOYMENT_TARGET = 2.4;
			};
			name = Debug;
		};
		58E5A5B82DCF89F100303648 /* Release */ = {
			isa = XCBuildConfiguration;
			buildSettings = {
				CODE_SIGN_STYLE = Automatic;
				CURRENT_PROJECT_VERSION = 1;
				DEAD_CODE_STRIPPING = YES;
				DEVELOPMENT_TEAM = 4VN4FW42U5;
				GENERATE_INFOPLIST_FILE = YES;
				IPHONEOS_DEPLOYMENT_TARGET = 18.4;
				MACOSX_DEPLOYMENT_TARGET = 15.4;
				MARKETING_VERSION = 1.0;
				PRODUCT_BUNDLE_IDENTIFIER = com.att.graphviz.GraphvizSwiftUITests;
				PRODUCT_NAME = "$(TARGET_NAME)";
				SDKROOT = auto;
				SUPPORTED_PLATFORMS = "iphoneos iphonesimulator macosx xros xrsimulator";
				SWIFT_EMIT_LOC_STRINGS = NO;
				SWIFT_VERSION = 5.0;
				TARGETED_DEVICE_FAMILY = "1,2,7";
				TEST_TARGET_NAME = GraphvizSwift;
				XROS_DEPLOYMENT_TARGET = 2.4;
			};
			name = Release;
		};
/* End XCBuildConfiguration section */

/* Begin XCConfigurationList section */
		58E5A5852DCF89F000303648 /* Build configuration list for PBXProject "GraphvizSwift" */ = {
			isa = XCConfigurationList;
			buildConfigurations = (
				58E5A5B12DCF89F100303648 /* Debug */,
				58E5A5B22DCF89F100303648 /* Release */,
			);
			defaultConfigurationIsVisible = 0;
			defaultConfigurationName = Release;
		};
		58E5A5AE2DCF89F100303648 /* Build configuration list for PBXNativeTarget "GraphvizSwift" */ = {
			isa = XCConfigurationList;
			buildConfigurations = (
				58E5A5AF2DCF89F100303648 /* Debug */,
				58E5A5B02DCF89F100303648 /* Release */,
			);
			defaultConfigurationIsVisible = 0;
			defaultConfigurationName = Release;
		};
		58E5A5B32DCF89F100303648 /* Build configuration list for PBXNativeTarget "GraphvizSwiftTests" */ = {
			isa = XCConfigurationList;
			buildConfigurations = (
				58E5A5B42DCF89F100303648 /* Debug */,
				58E5A5B52DCF89F100303648 /* Release */,
			);
			defaultConfigurationIsVisible = 0;
			defaultConfigurationName = Release;
		};
		58E5A5B62DCF89F100303648 /* Build configuration list for PBXNativeTarget "GraphvizSwiftUITests" */ = {
			isa = XCConfigurationList;
			buildConfigurations = (
				58E5A5B72DCF89F100303648 /* Debug */,
				58E5A5B82DCF89F100303648 /* Release */,
			);
			defaultConfigurationIsVisible = 0;
			defaultConfigurationName = Release;
		};
/* End XCConfigurationList section */
	};
	rootObject = 58E5A5822DCF89F000303648 /* Project object */;
}
